
Microsoft Visual Studio Solution File, Format Version 12.00
# Visual Studio Version 17
VisualStudioVersion = 17.10.35004.147
MinimumVisualStudioVersion = 10.0.40219.1
Project("{2150E333-8FDC-42A3-9474-1A3956D46DE8}") = "src", "src", "{1EBF13AC-5D7A-40F8-86E6-BA44BD43E51D}"
EndProject
Project("{2150E333-8FDC-42A3-9474-1A3956D46DE8}") = "BackEnd", "BackEnd", "{8B0E970F-8AB7-40A2-A2DE-D04EEE1E92CC}"
EndProject
Project("{2150E333-8FDC-42A3-9474-1A3956D46DE8}") = "FrontEnd", "FrontEnd", "{A2BEBFC9-7F8F-413C-BE67-AF8F679CCD2E}"
EndProject
Project("{2150E333-8FDC-42A3-9474-1A3956D46DE8}") = "Common", "Common", "{560169B6-3B24-49F3-9739-A5E42654F930}"
EndProject
Project("{9A19103F-16F7-4668-BE54-9A1E7A4F7556}") = "SchoolSol.Common.Data", "SchoolSol.Common.Data\SchoolSol.Common.Data.csproj", "{1ABF9E9F-8C3A-4D91-A2DA-655C9A5C06E4}"
EndProject
Project("{2150E333-8FDC-42A3-9474-1A3956D46DE8}") = "Infraestructure", "Infraestructure", "{BE2CB6EF-8B85-452F-870F-0F7554C4A62C}"
EndProject
Project("{9A19103F-16F7-4668-BE54-9A1E7A4F7556}") = "SchoolSol.Infraestructure", "SchoolSol.Infraestructure\SchoolSol.Infraestructure.csproj", "{0706D729-E1DC-4DAC-BD12-A85835EFE0BF}"
EndProject
Project("{2150E333-8FDC-42A3-9474-1A3956D46DE8}") = "Modules", "Modules", "{7DB2022E-97EF-4D19-973F-6FCF9B000D96}"
EndProject
Project("{2150E333-8FDC-42A3-9474-1A3956D46DE8}") = "Department Management", "Department Management", "{27789F39-6C08-4FBF-B769-184FD904E876}"
EndProject
Project("{2150E333-8FDC-42A3-9474-1A3956D46DE8}") = "Course Management", "Course Management", "{B56490EC-766B-4019-A168-4469E4FB75C2}"
EndProject
Project("{9A19103F-16F7-4668-BE54-9A1E7A4F7556}") = "SchoolSol.Department.Persistence", "SchoolSol.Department.Persistence\SchoolSol.Department.Persistence.csproj", "{A4F35C4E-ACC6-4507-9DEA-88E01647BD8C}"
EndProject
Project("{2150E333-8FDC-42A3-9474-1A3956D46DE8}") = "Persistence", "Persistence", "{928B9E10-93FF-49EA-B027-48F4339CACDB}"
EndProject
Project("{2150E333-8FDC-42A3-9474-1A3956D46DE8}") = "Apis", "Apis", "{3915E0DC-11F0-40FE-9C77-8088541DA475}"
EndProject
Project("{2150E333-8FDC-42A3-9474-1A3956D46DE8}") = "Application", "Application", "{F8B3BF43-310B-41B1-95D3-6EDBE4479EF6}"
EndProject
Project("{2150E333-8FDC-42A3-9474-1A3956D46DE8}") = "Domain", "Domain", "{E2E345E0-3CB9-4061-95E6-1BE887071D96}"
EndProject
Project("{FAE04EC0-301F-11D3-BF4B-00C04F79EFBC}") = "SchoolSol.Department.Domain", "SchoolSol.Department.Domain\SchoolSol.Department.Domain.csproj", "{BE7EA404-F612-47AA-B27A-9D0EB609AC6D}"
EndProject
Project("{FAE04EC0-301F-11D3-BF4B-00C04F79EFBC}") = "SchoolSol.Department.Application", "SchoolSol.Department.Application\SchoolSol.Department.Application.csproj", "{5F67CB38-4BD8-4687-B43C-8AF9E733241D}"
EndProject
Project("{FAE04EC0-301F-11D3-BF4B-00C04F79EFBC}") = "SchoolSol.Department.Api", "SchoolSol.Department.Api\SchoolSol.Department.Api.csproj", "{7157231A-85B1-4BE2-8D92-06EAEF7785DA}"
EndProject
Global
	GlobalSection(SolutionConfigurationPlatforms) = preSolution
		Debug|Any CPU = Debug|Any CPU
		Release|Any CPU = Release|Any CPU
	EndGlobalSection
	GlobalSection(ProjectConfigurationPlatforms) = postSolution
		{1ABF9E9F-8C3A-4D91-A2DA-655C9A5C06E4}.Debug|Any CPU.ActiveCfg = Debug|Any CPU
		{1ABF9E9F-8C3A-4D91-A2DA-655C9A5C06E4}.Debug|Any CPU.Build.0 = Debug|Any CPU
		{1ABF9E9F-8C3A-4D91-A2DA-655C9A5C06E4}.Release|Any CPU.ActiveCfg = Release|Any CPU
		{1ABF9E9F-8C3A-4D91-A2DA-655C9A5C06E4}.Release|Any CPU.Build.0 = Release|Any CPU
		{0706D729-E1DC-4DAC-BD12-A85835EFE0BF}.Debug|Any CPU.ActiveCfg = Debug|Any CPU
		{0706D729-E1DC-4DAC-BD12-A85835EFE0BF}.Debug|Any CPU.Build.0 = Debug|Any CPU
		{0706D729-E1DC-4DAC-BD12-A85835EFE0BF}.Release|Any CPU.ActiveCfg = Release|Any CPU
		{0706D729-E1DC-4DAC-BD12-A85835EFE0BF}.Release|Any CPU.Build.0 = Release|Any CPU
		{A4F35C4E-ACC6-4507-9DEA-88E01647BD8C}.Debug|Any CPU.ActiveCfg = Debug|Any CPU
		{A4F35C4E-ACC6-4507-9DEA-88E01647BD8C}.Debug|Any CPU.Build.0 = Debug|Any CPU
		{A4F35C4E-ACC6-4507-9DEA-88E01647BD8C}.Release|Any CPU.ActiveCfg = Release|Any CPU
		{A4F35C4E-ACC6-4507-9DEA-88E01647BD8C}.Release|Any CPU.Build.0 = Release|Any CPU
		{BE7EA404-F612-47AA-B27A-9D0EB609AC6D}.Debug|Any CPU.ActiveCfg = Debug|Any CPU
		{BE7EA404-F612-47AA-B27A-9D0EB609AC6D}.Debug|Any CPU.Build.0 = Debug|Any CPU
		{BE7EA404-F612-47AA-B27A-9D0EB609AC6D}.Release|Any CPU.ActiveCfg = Release|Any CPU
		{BE7EA404-F612-47AA-B27A-9D0EB609AC6D}.Release|Any CPU.Build.0 = Release|Any CPU
		{5F67CB38-4BD8-4687-B43C-8AF9E733241D}.Debug|Any CPU.ActiveCfg = Debug|Any CPU
		{5F67CB38-4BD8-4687-B43C-8AF9E733241D}.Debug|Any CPU.Build.0 = Debug|Any CPU
		{5F67CB38-4BD8-4687-B43C-8AF9E733241D}.Release|Any CPU.ActiveCfg = Release|Any CPU
		{5F67CB38-4BD8-4687-B43C-8AF9E733241D}.Release|Any CPU.Build.0 = Release|Any CPU
		{7157231A-85B1-4BE2-8D92-06EAEF7785DA}.Debug|Any CPU.ActiveCfg = Debug|Any CPU
		{7157231A-85B1-4BE2-8D92-06EAEF7785DA}.Debug|Any CPU.Build.0 = Debug|Any CPU
		{7157231A-85B1-4BE2-8D92-06EAEF7785DA}.Release|Any CPU.ActiveCfg = Release|Any CPU
		{7157231A-85B1-4BE2-8D92-06EAEF7785DA}.Release|Any CPU.Build.0 = Release|Any CPU
	EndGlobalSection
	GlobalSection(SolutionProperties) = preSolution
		HideSolutionNode = FALSE
	EndGlobalSection
	GlobalSection(NestedProjects) = preSolution
		{8B0E970F-8AB7-40A2-A2DE-D04EEE1E92CC} = {1EBF13AC-5D7A-40F8-86E6-BA44BD43E51D}
		{A2BEBFC9-7F8F-413C-BE67-AF8F679CCD2E} = {1EBF13AC-5D7A-40F8-86E6-BA44BD43E51D}
		{560169B6-3B24-49F3-9739-A5E42654F930} = {8B0E970F-8AB7-40A2-A2DE-D04EEE1E92CC}
		{1ABF9E9F-8C3A-4D91-A2DA-655C9A5C06E4} = {560169B6-3B24-49F3-9739-A5E42654F930}
		{BE2CB6EF-8B85-452F-870F-0F7554C4A62C} = {8B0E970F-8AB7-40A2-A2DE-D04EEE1E92CC}
		{0706D729-E1DC-4DAC-BD12-A85835EFE0BF} = {BE2CB6EF-8B85-452F-870F-0F7554C4A62C}
		{7DB2022E-97EF-4D19-973F-6FCF9B000D96} = {8B0E970F-8AB7-40A2-A2DE-D04EEE1E92CC}
		{27789F39-6C08-4FBF-B769-184FD904E876} = {7DB2022E-97EF-4D19-973F-6FCF9B000D96}
		{B56490EC-766B-4019-A168-4469E4FB75C2} = {7DB2022E-97EF-4D19-973F-6FCF9B000D96}
		{A4F35C4E-ACC6-4507-9DEA-88E01647BD8C} = {928B9E10-93FF-49EA-B027-48F4339CACDB}
		{928B9E10-93FF-49EA-B027-48F4339CACDB} = {27789F39-6C08-4FBF-B769-184FD904E876}
		{3915E0DC-11F0-40FE-9C77-8088541DA475} = {27789F39-6C08-4FBF-B769-184FD904E876}
		{F8B3BF43-310B-41B1-95D3-6EDBE4479EF6} = {27789F39-6C08-4FBF-B769-184FD904E876}
		{E2E345E0-3CB9-4061-95E6-1BE887071D96} = {27789F39-6C08-4FBF-B769-184FD904E876}
		{BE7EA404-F612-47AA-B27A-9D0EB609AC6D} = {E2E345E0-3CB9-4061-95E6-1BE887071D96}
		{5F67CB38-4BD8-4687-B43C-8AF9E733241D} = {F8B3BF43-310B-41B1-95D3-6EDBE4479EF6}
		{7157231A-85B1-4BE2-8D92-06EAEF7785DA} = {3915E0DC-11F0-40FE-9C77-8088541DA475}
	EndGlobalSection
	GlobalSection(ExtensibilityGlobals) = postSolution
		SolutionGuid = {5197EC72-5034-4A21-ADB9-B8061B9E80F7}
	EndGlobalSection
EndGlobal
